// !$*UTF8*$!
{
	archiveVersion = 1;
	classes = {
	};
	objectVersion = 56;
	objects = {

/* Begin PBXBuildFile section */
		52E525D82B2D675A00E5DF1A /* AppDelegate.swift in Sources */ = {isa = PBXBuildFile; fileRef = 52E525D72B2D675A00E5DF1A /* AppDelegate.swift */; };
		52E525DA2B2D675A00E5DF1A /* SceneDelegate.swift in Sources */ = {isa = PBXBuildFile; fileRef = 52E525D92B2D675A00E5DF1A /* SceneDelegate.swift */; };
		52E525DC2B2D675A00E5DF1A /* MainViewController.swift in Sources */ = {isa = PBXBuildFile; fileRef = 52E525DB2B2D675A00E5DF1A /* MainViewController.swift */; };
		52E525E12B2D675A00E5DF1A /* Assets.xcassets in Resources */ = {isa = PBXBuildFile; fileRef = 52E525E02B2D675A00E5DF1A /* Assets.xcassets */; };
		52E525F32B2D90CC00E5DF1A /* CalendarView.swift in Sources */ = {isa = PBXBuildFile; fileRef = 52E525F22B2D90CC00E5DF1A /* CalendarView.swift */; };
		52E525F62B2D9B4000E5DF1A /* UIView + ext.swift in Sources */ = {isa = PBXBuildFile; fileRef = 52E525F52B2D9B4000E5DF1A /* UIView + ext.swift */; };
		52E525F92B2EEA4D00E5DF1A /* WeatherView.swift in Sources */ = {isa = PBXBuildFile; fileRef = 52E525F82B2EEA4D00E5DF1A /* WeatherView.swift */; };
		52E525FC2B2EF3BF00E5DF1A /* Constants.swift in Sources */ = {isa = PBXBuildFile; fileRef = 52E525FB2B2EF3BF00E5DF1A /* Constants.swift */; };
		52E525FF2B2F022400E5DF1A /* UIFont + ext.swift in Sources */ = {isa = PBXBuildFile; fileRef = 52E525FE2B2F022400E5DF1A /* UIFont + ext.swift */; };
		52E526022B2F038900E5DF1A /* Roboto-Bold.ttf in Resources */ = {isa = PBXBuildFile; fileRef = 52E526002B2F038900E5DF1A /* Roboto-Bold.ttf */; };
		52E526032B2F038900E5DF1A /* Roboto-Medium.ttf in Resources */ = {isa = PBXBuildFile; fileRef = 52E526012B2F038900E5DF1A /* Roboto-Medium.ttf */; };
		52E526052B2F0A5F00E5DF1A /* CalendarCollectionView.swift in Sources */ = {isa = PBXBuildFile; fileRef = 52E526042B2F0A5F00E5DF1A /* CalendarCollectionView.swift */; };
		52E526082B2F0C2D00E5DF1A /* CalendarCollectionViewCell.swift in Sources */ = {isa = PBXBuildFile; fileRef = 52E526072B2F0C2D00E5DF1A /* CalendarCollectionViewCell.swift */; };
		52E5260D2B3067CE00E5DF1A /* UILabel + ext.swift in Sources */ = {isa = PBXBuildFile; fileRef = 52E5260C2B3067CE00E5DF1A /* UILabel + ext.swift */; };
		52E5260F2B306A8500E5DF1A /* MainTableView.swift in Sources */ = {isa = PBXBuildFile; fileRef = 52E5260E2B306A8500E5DF1A /* MainTableView.swift */; };
		52E526152B306C8100E5DF1A /* MainTableViewCell.swift in Sources */ = {isa = PBXBuildFile; fileRef = 52E526142B306C8100E5DF1A /* MainTableViewCell.swift */; };
		52E526172B306FD200E5DF1A /* UIStackView + ext.swift in Sources */ = {isa = PBXBuildFile; fileRef = 52E526162B306FD200E5DF1A /* UIStackView + ext.swift */; };
		52E5261D2B30B71D00E5DF1A /* StatisticViewController.swift in Sources */ = {isa = PBXBuildFile; fileRef = 52E5261C2B30B71D00E5DF1A /* StatisticViewController.swift */; };
		52E526212B30B84700E5DF1A /* StatisticTableView.swift in Sources */ = {isa = PBXBuildFile; fileRef = 52E526202B30B84700E5DF1A /* StatisticTableView.swift */; };
		52E526232B30B95000E5DF1A /* StatisticTableViewCell.swift in Sources */ = {isa = PBXBuildFile; fileRef = 52E526222B30B95000E5DF1A /* StatisticTableViewCell.swift */; };
		52E526262B30CF3E00E5DF1A /* MainTabBarController.swift in Sources */ = {isa = PBXBuildFile; fileRef = 52E526252B30CF3E00E5DF1A /* MainTabBarController.swift */; };
		52E5262C2B31726000E5DF1A /* NewWorkoutViewController.swift in Sources */ = {isa = PBXBuildFile; fileRef = 52E5262B2B31726000E5DF1A /* NewWorkoutViewController.swift */; };
		52E5262E2B31766B00E5DF1A /* CloseButton.swift in Sources */ = {isa = PBXBuildFile; fileRef = 52E5262D2B31766B00E5DF1A /* CloseButton.swift */; };
		52E526302B31793A00E5DF1A /* NameView.swift in Sources */ = {isa = PBXBuildFile; fileRef = 52E5262F2B31793A00E5DF1A /* NameView.swift */; };
		52E526322B31795400E5DF1A /* DateView.swift in Sources */ = {isa = PBXBuildFile; fileRef = 52E526312B31795400E5DF1A /* DateView.swift */; };
		52E526342B31973500E5DF1A /* RepeatsView.swift in Sources */ = {isa = PBXBuildFile; fileRef = 52E526332B31973500E5DF1A /* RepeatsView.swift */; };
		52E526362B319AF000E5DF1A /* SliderView.swift in Sources */ = {isa = PBXBuildFile; fileRef = 52E526352B319AF000E5DF1A /* SliderView.swift */; };
		52E526382B31B75600E5DF1A /* GreenButton.swift in Sources */ = {isa = PBXBuildFile; fileRef = 52E526372B31B75600E5DF1A /* GreenButton.swift */; };
		52E5263A2B31B89100E5DF1A /* BackgroundView.swift in Sources */ = {isa = PBXBuildFile; fileRef = 52E526392B31B89100E5DF1A /* BackgroundView.swift */; };
		52E5263C2B31C29A00E5DF1A /* BrownTextField.swift in Sources */ = {isa = PBXBuildFile; fileRef = 52E5263B2B31C29A00E5DF1A /* BrownTextField.swift */; };
		52E5263F2B31CD2800E5DF1A /* GreenSlider.swift in Sources */ = {isa = PBXBuildFile; fileRef = 52E5263E2B31CD2800E5DF1A /* GreenSlider.swift */; };
/* End PBXBuildFile section */

/* Begin PBXFileReference section */
		52E525D42B2D675A00E5DF1A /* WorkoutApp.app */ = {isa = PBXFileReference; explicitFileType = wrapper.application; includeInIndex = 0; path = WorkoutApp.app; sourceTree = BUILT_PRODUCTS_DIR; };
		52E525D72B2D675A00E5DF1A /* AppDelegate.swift */ = {isa = PBXFileReference; lastKnownFileType = sourcecode.swift; path = AppDelegate.swift; sourceTree = "<group>"; };
		52E525D92B2D675A00E5DF1A /* SceneDelegate.swift */ = {isa = PBXFileReference; lastKnownFileType = sourcecode.swift; path = SceneDelegate.swift; sourceTree = "<group>"; };
		52E525DB2B2D675A00E5DF1A /* MainViewController.swift */ = {isa = PBXFileReference; lastKnownFileType = sourcecode.swift; path = MainViewController.swift; sourceTree = "<group>"; };
		52E525E02B2D675A00E5DF1A /* Assets.xcassets */ = {isa = PBXFileReference; lastKnownFileType = folder.assetcatalog; path = Assets.xcassets; sourceTree = "<group>"; };
		52E525E52B2D675A00E5DF1A /* Info.plist */ = {isa = PBXFileReference; lastKnownFileType = text.plist.xml; path = Info.plist; sourceTree = "<group>"; };
		52E525F22B2D90CC00E5DF1A /* CalendarView.swift */ = {isa = PBXFileReference; lastKnownFileType = sourcecode.swift; path = CalendarView.swift; sourceTree = "<group>"; };
		52E525F52B2D9B4000E5DF1A /* UIView + ext.swift */ = {isa = PBXFileReference; lastKnownFileType = sourcecode.swift; path = "UIView + ext.swift"; sourceTree = "<group>"; };
		52E525F82B2EEA4D00E5DF1A /* WeatherView.swift */ = {isa = PBXFileReference; lastKnownFileType = sourcecode.swift; path = WeatherView.swift; sourceTree = "<group>"; };
		52E525FB2B2EF3BF00E5DF1A /* Constants.swift */ = {isa = PBXFileReference; lastKnownFileType = sourcecode.swift; path = Constants.swift; sourceTree = "<group>"; };
		52E525FE2B2F022400E5DF1A /* UIFont + ext.swift */ = {isa = PBXFileReference; lastKnownFileType = sourcecode.swift; path = "UIFont + ext.swift"; sourceTree = "<group>"; };
		52E526002B2F038900E5DF1A /* Roboto-Bold.ttf */ = {isa = PBXFileReference; lastKnownFileType = file; path = "Roboto-Bold.ttf"; sourceTree = "<group>"; };
		52E526012B2F038900E5DF1A /* Roboto-Medium.ttf */ = {isa = PBXFileReference; lastKnownFileType = file; path = "Roboto-Medium.ttf"; sourceTree = "<group>"; };
		52E526042B2F0A5F00E5DF1A /* CalendarCollectionView.swift */ = {isa = PBXFileReference; lastKnownFileType = sourcecode.swift; path = CalendarCollectionView.swift; sourceTree = "<group>"; };
		52E526072B2F0C2D00E5DF1A /* CalendarCollectionViewCell.swift */ = {isa = PBXFileReference; lastKnownFileType = sourcecode.swift; path = CalendarCollectionViewCell.swift; sourceTree = "<group>"; };
		52E5260C2B3067CE00E5DF1A /* UILabel + ext.swift */ = {isa = PBXFileReference; lastKnownFileType = sourcecode.swift; path = "UILabel + ext.swift"; sourceTree = "<group>"; };
		52E5260E2B306A8500E5DF1A /* MainTableView.swift */ = {isa = PBXFileReference; lastKnownFileType = sourcecode.swift; path = MainTableView.swift; sourceTree = "<group>"; };
		52E526142B306C8100E5DF1A /* MainTableViewCell.swift */ = {isa = PBXFileReference; lastKnownFileType = sourcecode.swift; path = MainTableViewCell.swift; sourceTree = "<group>"; };
		52E526162B306FD200E5DF1A /* UIStackView + ext.swift */ = {isa = PBXFileReference; lastKnownFileType = sourcecode.swift; path = "UIStackView + ext.swift"; sourceTree = "<group>"; };
		52E5261C2B30B71D00E5DF1A /* StatisticViewController.swift */ = {isa = PBXFileReference; lastKnownFileType = sourcecode.swift; path = StatisticViewController.swift; sourceTree = "<group>"; };
		52E526202B30B84700E5DF1A /* StatisticTableView.swift */ = {isa = PBXFileReference; lastKnownFileType = sourcecode.swift; path = StatisticTableView.swift; sourceTree = "<group>"; };
		52E526222B30B95000E5DF1A /* StatisticTableViewCell.swift */ = {isa = PBXFileReference; lastKnownFileType = sourcecode.swift; path = StatisticTableViewCell.swift; sourceTree = "<group>"; };
		52E526252B30CF3E00E5DF1A /* MainTabBarController.swift */ = {isa = PBXFileReference; lastKnownFileType = sourcecode.swift; path = MainTabBarController.swift; sourceTree = "<group>"; };
		52E5262B2B31726000E5DF1A /* NewWorkoutViewController.swift */ = {isa = PBXFileReference; lastKnownFileType = sourcecode.swift; path = NewWorkoutViewController.swift; sourceTree = "<group>"; };
		52E5262D2B31766B00E5DF1A /* CloseButton.swift */ = {isa = PBXFileReference; lastKnownFileType = sourcecode.swift; path = CloseButton.swift; sourceTree = "<group>"; };
		52E5262F2B31793A00E5DF1A /* NameView.swift */ = {isa = PBXFileReference; lastKnownFileType = sourcecode.swift; path = NameView.swift; sourceTree = "<group>"; };
		52E526312B31795400E5DF1A /* DateView.swift */ = {isa = PBXFileReference; lastKnownFileType = sourcecode.swift; path = DateView.swift; sourceTree = "<group>"; };
		52E526332B31973500E5DF1A /* RepeatsView.swift */ = {isa = PBXFileReference; lastKnownFileType = sourcecode.swift; path = RepeatsView.swift; sourceTree = "<group>"; };
		52E526352B319AF000E5DF1A /* SliderView.swift */ = {isa = PBXFileReference; lastKnownFileType = sourcecode.swift; path = SliderView.swift; sourceTree = "<group>"; };
		52E526372B31B75600E5DF1A /* GreenButton.swift */ = {isa = PBXFileReference; lastKnownFileType = sourcecode.swift; path = GreenButton.swift; sourceTree = "<group>"; };
		52E526392B31B89100E5DF1A /* BackgroundView.swift */ = {isa = PBXFileReference; lastKnownFileType = sourcecode.swift; path = BackgroundView.swift; sourceTree = "<group>"; };
		52E5263B2B31C29A00E5DF1A /* BrownTextField.swift */ = {isa = PBXFileReference; lastKnownFileType = sourcecode.swift; path = BrownTextField.swift; sourceTree = "<group>"; };
		52E5263E2B31CD2800E5DF1A /* GreenSlider.swift */ = {isa = PBXFileReference; lastKnownFileType = sourcecode.swift; path = GreenSlider.swift; sourceTree = "<group>"; };
/* End PBXFileReference section */

/* Begin PBXFrameworksBuildPhase section */
		52E525D12B2D675A00E5DF1A /* Frameworks */ = {
			isa = PBXFrameworksBuildPhase;
			buildActionMask = 2147483647;
			files = (
			);
			runOnlyForDeploymentPostprocessing = 0;
		};
/* End PBXFrameworksBuildPhase section */

/* Begin PBXGroup section */
		52E525CB2B2D675A00E5DF1A = {
			isa = PBXGroup;
			children = (
				52E525D62B2D675A00E5DF1A /* WorkoutApp */,
				52E525D52B2D675A00E5DF1A /* Products */,
			);
			sourceTree = "<group>";
		};
		52E525D52B2D675A00E5DF1A /* Products */ = {
			isa = PBXGroup;
			children = (
				52E525D42B2D675A00E5DF1A /* WorkoutApp.app */,
			);
			name = Products;
			sourceTree = "<group>";
		};
		52E525D62B2D675A00E5DF1A /* WorkoutApp */ = {
			isa = PBXGroup;
			children = (
				52E525EB2B2D678E00E5DF1A /* Application */,
				52E526242B30CF3100E5DF1A /* NavigationModule */,
				52E525F12B2D866400E5DF1A /* MainModule */,
				52E526272B31722500E5DF1A /* NewWorkoutModule */,
				52E526182B30B6CB00E5DF1A /* StatisticModule */,
				52E525EF2B2D67A600E5DF1A /* Resources */,
				52E525F02B2D67AB00E5DF1A /* SupportingFiles */,
			);
			path = WorkoutApp;
			sourceTree = "<group>";
		};
		52E525EB2B2D678E00E5DF1A /* Application */ = {
			isa = PBXGroup;
			children = (
				52E525D72B2D675A00E5DF1A /* AppDelegate.swift */,
				52E525D92B2D675A00E5DF1A /* SceneDelegate.swift */,
			);
			path = Application;
			sourceTree = "<group>";
		};
		52E525EC2B2D679400E5DF1A /* Controller */ = {
			isa = PBXGroup;
			children = (
				52E525DB2B2D675A00E5DF1A /* MainViewController.swift */,
			);
			path = Controller;
			sourceTree = "<group>";
		};
		52E525ED2B2D679A00E5DF1A /* Views */ = {
			isa = PBXGroup;
			children = (
				52E525F22B2D90CC00E5DF1A /* CalendarView.swift */,
				52E525F82B2EEA4D00E5DF1A /* WeatherView.swift */,
				52E526122B306B1E00E5DF1A /* CollectionView */,
				52E526132B306B2300E5DF1A /* TableView */,
				52E526062B2F0C2500E5DF1A /* Cell */,
			);
			path = Views;
			sourceTree = "<group>";
		};
		52E525EE2B2D679F00E5DF1A /* Model */ = {
			isa = PBXGroup;
			children = (
			);
			path = Model;
			sourceTree = "<group>";
		};
		52E525EF2B2D67A600E5DF1A /* Resources */ = {
			isa = PBXGroup;
			children = (
				52E525FB2B2EF3BF00E5DF1A /* Constants.swift */,
				52E525F42B2D9B1B00E5DF1A /* Extensions */,
			);
			path = Resources;
			sourceTree = "<group>";
		};
		52E525F02B2D67AB00E5DF1A /* SupportingFiles */ = {
			isa = PBXGroup;
			children = (
				52E525E02B2D675A00E5DF1A /* Assets.xcassets */,
				52E525FA2B2EF06600E5DF1A /* Fonts */,
				52E525E52B2D675A00E5DF1A /* Info.plist */,
			);
			path = SupportingFiles;
			sourceTree = "<group>";
		};
		52E525F12B2D866400E5DF1A /* MainModule */ = {
			isa = PBXGroup;
			children = (
				52E525EE2B2D679F00E5DF1A /* Model */,
				52E525ED2B2D679A00E5DF1A /* Views */,
				52E525EC2B2D679400E5DF1A /* Controller */,
			);
			path = MainModule;
			sourceTree = "<group>";
		};
		52E525F42B2D9B1B00E5DF1A /* Extensions */ = {
			isa = PBXGroup;
			children = (
				52E526092B30674300E5DF1A /* Unique */,
				52E525FD2B2F01F100E5DF1A /* UIKit */,
			);
			path = Extensions;
			sourceTree = "<group>";
		};
		52E525FA2B2EF06600E5DF1A /* Fonts */ = {
			isa = PBXGroup;
			children = (
				52E526002B2F038900E5DF1A /* Roboto-Bold.ttf */,
				52E526012B2F038900E5DF1A /* Roboto-Medium.ttf */,
			);
			path = Fonts;
			sourceTree = "<group>";
		};
		52E525FD2B2F01F100E5DF1A /* UIKit */ = {
			isa = PBXGroup;
			children = (
				52E525F52B2D9B4000E5DF1A /* UIView + ext.swift */,
				52E525FE2B2F022400E5DF1A /* UIFont + ext.swift */,
				52E5260C2B3067CE00E5DF1A /* UILabel + ext.swift */,
				52E526162B306FD200E5DF1A /* UIStackView + ext.swift */,
			);
			path = UIKit;
			sourceTree = "<group>";
		};
		52E526062B2F0C2500E5DF1A /* Cell */ = {
			isa = PBXGroup;
			children = (
				52E526072B2F0C2D00E5DF1A /* CalendarCollectionViewCell.swift */,
				52E526142B306C8100E5DF1A /* MainTableViewCell.swift */,
			);
			path = Cell;
			sourceTree = "<group>";
		};
		52E526092B30674300E5DF1A /* Unique */ = {
			isa = PBXGroup;
			children = (
				52E526392B31B89100E5DF1A /* BackgroundView.swift */,
				52E526372B31B75600E5DF1A /* GreenButton.swift */,
				52E5262D2B31766B00E5DF1A /* CloseButton.swift */,
				52E5263B2B31C29A00E5DF1A /* BrownTextField.swift */,
				52E5263E2B31CD2800E5DF1A /* GreenSlider.swift */,
			);
			path = Unique;
			sourceTree = "<group>";
		};
		52E526122B306B1E00E5DF1A /* CollectionView */ = {
			isa = PBXGroup;
			children = (
				52E526042B2F0A5F00E5DF1A /* CalendarCollectionView.swift */,
			);
			path = CollectionView;
			sourceTree = "<group>";
		};
		52E526132B306B2300E5DF1A /* TableView */ = {
			isa = PBXGroup;
			children = (
				52E5260E2B306A8500E5DF1A /* MainTableView.swift */,
			);
			path = TableView;
			sourceTree = "<group>";
		};
		52E526182B30B6CB00E5DF1A /* StatisticModule */ = {
			isa = PBXGroup;
			children = (
				52E526192B30B6D700E5DF1A /* Model */,
				52E5261A2B30B6E800E5DF1A /* Views */,
				52E5261B2B30B6F200E5DF1A /* Controller */,
			);
			path = StatisticModule;
			sourceTree = "<group>";
		};
		52E526192B30B6D700E5DF1A /* Model */ = {
			isa = PBXGroup;
			children = (
			);
			path = Model;
			sourceTree = "<group>";
		};
		52E5261A2B30B6E800E5DF1A /* Views */ = {
			isa = PBXGroup;
			children = (
				52E5261E2B30B81A00E5DF1A /* TableView */,
				52E5261F2B30B83A00E5DF1A /* Cell */,
			);
			path = Views;
			sourceTree = "<group>";
		};
		52E5261B2B30B6F200E5DF1A /* Controller */ = {
			isa = PBXGroup;
			children = (
				52E5261C2B30B71D00E5DF1A /* StatisticViewController.swift */,
			);
			path = Controller;
			sourceTree = "<group>";
		};
		52E5261E2B30B81A00E5DF1A /* TableView */ = {
			isa = PBXGroup;
			children = (
				52E526202B30B84700E5DF1A /* StatisticTableView.swift */,
			);
			path = TableView;
			sourceTree = "<group>";
		};
		52E5261F2B30B83A00E5DF1A /* Cell */ = {
			isa = PBXGroup;
			children = (
				52E526222B30B95000E5DF1A /* StatisticTableViewCell.swift */,
			);
			path = Cell;
			sourceTree = "<group>";
		};
		52E526242B30CF3100E5DF1A /* NavigationModule */ = {
			isa = PBXGroup;
			children = (
				52E526252B30CF3E00E5DF1A /* MainTabBarController.swift */,
			);
			path = NavigationModule;
			sourceTree = "<group>";
		};
		52E526272B31722500E5DF1A /* NewWorkoutModule */ = {
			isa = PBXGroup;
			children = (
				52E5262A2B31725100E5DF1A /* Model */,
				52E526292B31724D00E5DF1A /* Views */,
				52E526282B31724400E5DF1A /* Controller */,
			);
			path = NewWorkoutModule;
			sourceTree = "<group>";
		};
		52E526282B31724400E5DF1A /* Controller */ = {
			isa = PBXGroup;
			children = (
				52E5262B2B31726000E5DF1A /* NewWorkoutViewController.swift */,
			);
			path = Controller;
			sourceTree = "<group>";
		};
		52E526292B31724D00E5DF1A /* Views */ = {
			isa = PBXGroup;
			children = (
				52E5263D2B31CCD600E5DF1A /* Subviews */,
				52E5262F2B31793A00E5DF1A /* NameView.swift */,
				52E526312B31795400E5DF1A /* DateView.swift */,
				52E526332B31973500E5DF1A /* RepeatsView.swift */,
			);
			path = Views;
			sourceTree = "<group>";
		};
		52E5262A2B31725100E5DF1A /* Model */ = {
			isa = PBXGroup;
			children = (
			);
			path = Model;
			sourceTree = "<group>";
		};
		52E5263D2B31CCD600E5DF1A /* Subviews */ = {
			isa = PBXGroup;
			children = (
				52E526352B319AF000E5DF1A /* SliderView.swift */,
			);
			path = Subviews;
			sourceTree = "<group>";
		};
/* End PBXGroup section */

/* Begin PBXNativeTarget section */
		52E525D32B2D675A00E5DF1A /* WorkoutApp */ = {
			isa = PBXNativeTarget;
			buildConfigurationList = 52E525E82B2D675A00E5DF1A /* Build configuration list for PBXNativeTarget "WorkoutApp" */;
			buildPhases = (
				52E525D02B2D675A00E5DF1A /* Sources */,
				52E525D12B2D675A00E5DF1A /* Frameworks */,
				52E525D22B2D675A00E5DF1A /* Resources */,
			);
			buildRules = (
			);
			dependencies = (
			);
			name = WorkoutApp;
			productName = WorkoutApp;
			productReference = 52E525D42B2D675A00E5DF1A /* WorkoutApp.app */;
			productType = "com.apple.product-type.application";
		};
/* End PBXNativeTarget section */

/* Begin PBXProject section */
		52E525CC2B2D675A00E5DF1A /* Project object */ = {
			isa = PBXProject;
			attributes = {
				BuildIndependentTargetsInParallel = 1;
				LastSwiftUpdateCheck = 1500;
				LastUpgradeCheck = 1500;
				TargetAttributes = {
					52E525D32B2D675A00E5DF1A = {
						CreatedOnToolsVersion = 15.0.1;
					};
				};
			};
			buildConfigurationList = 52E525CF2B2D675A00E5DF1A /* Build configuration list for PBXProject "WorkoutApp" */;
			compatibilityVersion = "Xcode 14.0";
			developmentRegion = en;
			hasScannedForEncodings = 0;
			knownRegions = (
				en,
				Base,
			);
			mainGroup = 52E525CB2B2D675A00E5DF1A;
			productRefGroup = 52E525D52B2D675A00E5DF1A /* Products */;
			projectDirPath = "";
			projectRoot = "";
			targets = (
				52E525D32B2D675A00E5DF1A /* WorkoutApp */,
			);
		};
/* End PBXProject section */

/* Begin PBXResourcesBuildPhase section */
		52E525D22B2D675A00E5DF1A /* Resources */ = {
			isa = PBXResourcesBuildPhase;
			buildActionMask = 2147483647;
			files = (
				52E526022B2F038900E5DF1A /* Roboto-Bold.ttf in Resources */,
				52E525E12B2D675A00E5DF1A /* Assets.xcassets in Resources */,
				52E526032B2F038900E5DF1A /* Roboto-Medium.ttf in Resources */,
			);
			runOnlyForDeploymentPostprocessing = 0;
		};
/* End PBXResourcesBuildPhase section */

/* Begin PBXSourcesBuildPhase section */
		52E525D02B2D675A00E5DF1A /* Sources */ = {
			isa = PBXSourcesBuildPhase;
			buildActionMask = 2147483647;
			files = (
				52E525F62B2D9B4000E5DF1A /* UIView + ext.swift in Sources */,
				52E526172B306FD200E5DF1A /* UIStackView + ext.swift in Sources */,
				52E526302B31793A00E5DF1A /* NameView.swift in Sources */,
				52E526262B30CF3E00E5DF1A /* MainTabBarController.swift in Sources */,
				52E5263F2B31CD2800E5DF1A /* GreenSlider.swift in Sources */,
				52E526342B31973500E5DF1A /* RepeatsView.swift in Sources */,
				52E525DC2B2D675A00E5DF1A /* MainViewController.swift in Sources */,
				52E5261D2B30B71D00E5DF1A /* StatisticViewController.swift in Sources */,
				52E5262C2B31726000E5DF1A /* NewWorkoutViewController.swift in Sources */,
				52E526322B31795400E5DF1A /* DateView.swift in Sources */,
				52E526362B319AF000E5DF1A /* SliderView.swift in Sources */,
				52E525D82B2D675A00E5DF1A /* AppDelegate.swift in Sources */,
				52E526152B306C8100E5DF1A /* MainTableViewCell.swift in Sources */,
				52E525F92B2EEA4D00E5DF1A /* WeatherView.swift in Sources */,
				52E5263A2B31B89100E5DF1A /* BackgroundView.swift in Sources */,
				52E526082B2F0C2D00E5DF1A /* CalendarCollectionViewCell.swift in Sources */,
				52E5262E2B31766B00E5DF1A /* CloseButton.swift in Sources */,
				52E526052B2F0A5F00E5DF1A /* CalendarCollectionView.swift in Sources */,
				52E5260F2B306A8500E5DF1A /* MainTableView.swift in Sources */,
				52E525FC2B2EF3BF00E5DF1A /* Constants.swift in Sources */,
				52E525F32B2D90CC00E5DF1A /* CalendarView.swift in Sources */,
				52E525FF2B2F022400E5DF1A /* UIFont + ext.swift in Sources */,
				52E5260D2B3067CE00E5DF1A /* UILabel + ext.swift in Sources */,
				52E526232B30B95000E5DF1A /* StatisticTableViewCell.swift in Sources */,
				52E526382B31B75600E5DF1A /* GreenButton.swift in Sources */,
				52E526212B30B84700E5DF1A /* StatisticTableView.swift in Sources */,
				52E525DA2B2D675A00E5DF1A /* SceneDelegate.swift in Sources */,
				52E5263C2B31C29A00E5DF1A /* BrownTextField.swift in Sources */,
			);
			runOnlyForDeploymentPostprocessing = 0;
		};
/* End PBXSourcesBuildPhase section */

/* Begin XCBuildConfiguration section */
		52E525E62B2D675A00E5DF1A /* Debug */ = {
			isa = XCBuildConfiguration;
			buildSettings = {
				ALWAYS_SEARCH_USER_PATHS = NO;
				ASSETCATALOG_COMPILER_GENERATE_SWIFT_ASSET_SYMBOL_EXTENSIONS = YES;
				CLANG_ANALYZER_NONNULL = YES;
				CLANG_ANALYZER_NUMBER_OBJECT_CONVERSION = YES_AGGRESSIVE;
				CLANG_CXX_LANGUAGE_STANDARD = "gnu++20";
				CLANG_ENABLE_MODULES = YES;
				CLANG_ENABLE_OBJC_ARC = YES;
				CLANG_ENABLE_OBJC_WEAK = YES;
				CLANG_WARN_BLOCK_CAPTURE_AUTORELEASING = YES;
				CLANG_WARN_BOOL_CONVERSION = YES;
				CLANG_WARN_COMMA = YES;
				CLANG_WARN_CONSTANT_CONVERSION = YES;
				CLANG_WARN_DEPRECATED_OBJC_IMPLEMENTATIONS = YES;
				CLANG_WARN_DIRECT_OBJC_ISA_USAGE = YES_ERROR;
				CLANG_WARN_DOCUMENTATION_COMMENTS = YES;
				CLANG_WARN_EMPTY_BODY = YES;
				CLANG_WARN_ENUM_CONVERSION = YES;
				CLANG_WARN_INFINITE_RECURSION = YES;
				CLANG_WARN_INT_CONVERSION = YES;
				CLANG_WARN_NON_LITERAL_NULL_CONVERSION = YES;
				CLANG_WARN_OBJC_IMPLICIT_RETAIN_SELF = YES;
				CLANG_WARN_OBJC_LITERAL_CONVERSION = YES;
				CLANG_WARN_OBJC_ROOT_CLASS = YES_ERROR;
				CLANG_WARN_QUOTED_INCLUDE_IN_FRAMEWORK_HEADER = YES;
				CLANG_WARN_RANGE_LOOP_ANALYSIS = YES;
				CLANG_WARN_STRICT_PROTOTYPES = YES;
				CLANG_WARN_SUSPICIOUS_MOVE = YES;
				CLANG_WARN_UNGUARDED_AVAILABILITY = YES_AGGRESSIVE;
				CLANG_WARN_UNREACHABLE_CODE = YES;
				CLANG_WARN__DUPLICATE_METHOD_MATCH = YES;
				COPY_PHASE_STRIP = NO;
				DEBUG_INFORMATION_FORMAT = dwarf;
				ENABLE_STRICT_OBJC_MSGSEND = YES;
				ENABLE_TESTABILITY = YES;
				ENABLE_USER_SCRIPT_SANDBOXING = YES;
				GCC_C_LANGUAGE_STANDARD = gnu17;
				GCC_DYNAMIC_NO_PIC = NO;
				GCC_NO_COMMON_BLOCKS = YES;
				GCC_OPTIMIZATION_LEVEL = 0;
				GCC_PREPROCESSOR_DEFINITIONS = (
					"DEBUG=1",
					"$(inherited)",
				);
				GCC_WARN_64_TO_32_BIT_CONVERSION = YES;
				GCC_WARN_ABOUT_RETURN_TYPE = YES_ERROR;
				GCC_WARN_UNDECLARED_SELECTOR = YES;
				GCC_WARN_UNINITIALIZED_AUTOS = YES_AGGRESSIVE;
				GCC_WARN_UNUSED_FUNCTION = YES;
				GCC_WARN_UNUSED_VARIABLE = YES;
				IPHONEOS_DEPLOYMENT_TARGET = 17.0;
				LOCALIZATION_PREFERS_STRING_CATALOGS = YES;
				MTL_ENABLE_DEBUG_INFO = INCLUDE_SOURCE;
				MTL_FAST_MATH = YES;
				ONLY_ACTIVE_ARCH = YES;
				SDKROOT = iphoneos;
				SWIFT_ACTIVE_COMPILATION_CONDITIONS = "DEBUG $(inherited)";
				SWIFT_OPTIMIZATION_LEVEL = "-Onone";
			};
			name = Debug;
		};
		52E525E72B2D675A00E5DF1A /* Release */ = {
			isa = XCBuildConfiguration;
			buildSettings = {
				ALWAYS_SEARCH_USER_PATHS = NO;
				ASSETCATALOG_COMPILER_GENERATE_SWIFT_ASSET_SYMBOL_EXTENSIONS = YES;
				CLANG_ANALYZER_NONNULL = YES;
				CLANG_ANALYZER_NUMBER_OBJECT_CONVERSION = YES_AGGRESSIVE;
				CLANG_CXX_LANGUAGE_STANDARD = "gnu++20";
				CLANG_ENABLE_MODULES = YES;
				CLANG_ENABLE_OBJC_ARC = YES;
				CLANG_ENABLE_OBJC_WEAK = YES;
				CLANG_WARN_BLOCK_CAPTURE_AUTORELEASING = YES;
				CLANG_WARN_BOOL_CONVERSION = YES;
				CLANG_WARN_COMMA = YES;
				CLANG_WARN_CONSTANT_CONVERSION = YES;
				CLANG_WARN_DEPRECATED_OBJC_IMPLEMENTATIONS = YES;
				CLANG_WARN_DIRECT_OBJC_ISA_USAGE = YES_ERROR;
				CLANG_WARN_DOCUMENTATION_COMMENTS = YES;
				CLANG_WARN_EMPTY_BODY = YES;
				CLANG_WARN_ENUM_CONVERSION = YES;
				CLANG_WARN_INFINITE_RECURSION = YES;
				CLANG_WARN_INT_CONVERSION = YES;
				CLANG_WARN_NON_LITERAL_NULL_CONVERSION = YES;
				CLANG_WARN_OBJC_IMPLICIT_RETAIN_SELF = YES;
				CLANG_WARN_OBJC_LITERAL_CONVERSION = YES;
				CLANG_WARN_OBJC_ROOT_CLASS = YES_ERROR;
				CLANG_WARN_QUOTED_INCLUDE_IN_FRAMEWORK_HEADER = YES;
				CLANG_WARN_RANGE_LOOP_ANALYSIS = YES;
				CLANG_WARN_STRICT_PROTOTYPES = YES;
				CLANG_WARN_SUSPICIOUS_MOVE = YES;
				CLANG_WARN_UNGUARDED_AVAILABILITY = YES_AGGRESSIVE;
				CLANG_WARN_UNREACHABLE_CODE = YES;
				CLANG_WARN__DUPLICATE_METHOD_MATCH = YES;
				COPY_PHASE_STRIP = NO;
				DEBUG_INFORMATION_FORMAT = "dwarf-with-dsym";
				ENABLE_NS_ASSERTIONS = NO;
				ENABLE_STRICT_OBJC_MSGSEND = YES;
				ENABLE_USER_SCRIPT_SANDBOXING = YES;
				GCC_C_LANGUAGE_STANDARD = gnu17;
				GCC_NO_COMMON_BLOCKS = YES;
				GCC_WARN_64_TO_32_BIT_CONVERSION = YES;
				GCC_WARN_ABOUT_RETURN_TYPE = YES_ERROR;
				GCC_WARN_UNDECLARED_SELECTOR = YES;
				GCC_WARN_UNINITIALIZED_AUTOS = YES_AGGRESSIVE;
				GCC_WARN_UNUSED_FUNCTION = YES;
				GCC_WARN_UNUSED_VARIABLE = YES;
				IPHONEOS_DEPLOYMENT_TARGET = 17.0;
				LOCALIZATION_PREFERS_STRING_CATALOGS = YES;
				MTL_ENABLE_DEBUG_INFO = NO;
				MTL_FAST_MATH = YES;
				SDKROOT = iphoneos;
				SWIFT_COMPILATION_MODE = wholemodule;
				VALIDATE_PRODUCT = YES;
			};
			name = Release;
		};
		52E525E92B2D675A00E5DF1A /* Debug */ = {
			isa = XCBuildConfiguration;
			buildSettings = {
				ASSETCATALOG_COMPILER_APPICON_NAME = AppIcon;
				ASSETCATALOG_COMPILER_GLOBAL_ACCENT_COLOR_NAME = AccentColor;
				CODE_SIGN_STYLE = Automatic;
				CURRENT_PROJECT_VERSION = 1;
				DEVELOPMENT_TEAM = 6P3D789X98;
				GENERATE_INFOPLIST_FILE = YES;
				INFOPLIST_FILE = WorkoutApp/SupportingFiles/Info.plist;
				INFOPLIST_KEY_LSApplicationCategoryType = "public.app-category.sports";
				INFOPLIST_KEY_UIApplicationSupportsIndirectInputEvents = YES;
				INFOPLIST_KEY_UISupportedInterfaceOrientations = UIInterfaceOrientationPortrait;
				INFOPLIST_KEY_UISupportedInterfaceOrientations_iPad = "UIInterfaceOrientationLandscapeLeft UIInterfaceOrientationLandscapeRight UIInterfaceOrientationPortrait UIInterfaceOrientationPortraitUpsideDown";
				IPHONEOS_DEPLOYMENT_TARGET = 15.0;
				LD_RUNPATH_SEARCH_PATHS = (
					"$(inherited)",
					"@executable_path/Frameworks",
				);
				MARKETING_VERSION = 1.0;
				PRODUCT_BUNDLE_IDENTIFIER = emazrukho.WorkoutApp;
				PRODUCT_NAME = "$(TARGET_NAME)";
				SUPPORTED_PLATFORMS = "iphoneos iphonesimulator";
				SUPPORTS_MACCATALYST = NO;
				SUPPORTS_MAC_DESIGNED_FOR_IPHONE_IPAD = NO;
				SWIFT_EMIT_LOC_STRINGS = YES;
				SWIFT_VERSION = 5.0;
				TARGETED_DEVICE_FAMILY = 1;
			};
			name = Debug;
		};
		52E525EA2B2D675A00E5DF1A /* Release */ = {
			isa = XCBuildConfiguration;
			buildSettings = {
				ASSETCATALOG_COMPILER_APPICON_NAME = AppIcon;
				ASSETCATALOG_COMPILER_GLOBAL_ACCENT_COLOR_NAME = AccentColor;
				CODE_SIGN_STYLE = Automatic;
				CURRENT_PROJECT_VERSION = 1;
				DEVELOPMENT_TEAM = 6P3D789X98;
				GENERATE_INFOPLIST_FILE = YES;
				INFOPLIST_FILE = WorkoutApp/SupportingFiles/Info.plist;
				INFOPLIST_KEY_LSApplicationCategoryType = "public.app-category.sports";
				INFOPLIST_KEY_UIApplicationSupportsIndirectInputEvents = YES;
				INFOPLIST_KEY_UISupportedInterfaceOrientations = UIInterfaceOrientationPortrait;
				INFOPLIST_KEY_UISupportedInterfaceOrientations_iPad = "UIInterfaceOrientationLandscapeLeft UIInterfaceOrientationLandscapeRight UIInterfaceOrientationPortrait UIInterfaceOrientationPortraitUpsideDown";
				IPHONEOS_DEPLOYMENT_TARGET = 15.0;
				LD_RUNPATH_SEARCH_PATHS = (
					"$(inherited)",
					"@executable_path/Frameworks",
				);
				MARKETING_VERSION = 1.0;
				PRODUCT_BUNDLE_IDENTIFIER = emazrukho.WorkoutApp;
				PRODUCT_NAME = "$(TARGET_NAME)";
				SUPPORTED_PLATFORMS = "iphoneos iphonesimulator";
				SUPPORTS_MACCATALYST = NO;
				SUPPORTS_MAC_DESIGNED_FOR_IPHONE_IPAD = NO;
				SWIFT_EMIT_LOC_STRINGS = YES;
				SWIFT_VERSION = 5.0;
				TARGETED_DEVICE_FAMILY = 1;
			};
			name = Release;
		};
/* End XCBuildConfiguration section */

/* Begin XCConfigurationList section */
		52E525CF2B2D675A00E5DF1A /* Build configuration list for PBXProject "WorkoutApp" */ = {
			isa = XCConfigurationList;
			buildConfigurations = (
				52E525E62B2D675A00E5DF1A /* Debug */,
				52E525E72B2D675A00E5DF1A /* Release */,
			);
			defaultConfigurationIsVisible = 0;
			defaultConfigurationName = Release;
		};
		52E525E82B2D675A00E5DF1A /* Build configuration list for PBXNativeTarget "WorkoutApp" */ = {
			isa = XCConfigurationList;
			buildConfigurations = (
				52E525E92B2D675A00E5DF1A /* Debug */,
				52E525EA2B2D675A00E5DF1A /* Release */,
			);
			defaultConfigurationIsVisible = 0;
			defaultConfigurationName = Release;
		};
/* End XCConfigurationList section */
	};
	rootObject = 52E525CC2B2D675A00E5DF1A /* Project object */;
}
